
Microsoft Visual Studio Solution File, Format Version 12.00
# Visual Studio 2012
Project("{FAE04EC0-301F-11D3-BF4B-00C04F79EFBC}") = "Read-From-Console", "Read-From-Console\Read-From-Console.csproj", "{33A96CDE-2C39-4A84-872A-A369C4F3CBA2}"
EndProject
Project("{FAE04EC0-301F-11D3-BF4B-00C04F79EFBC}") = "Area-and-Perimeter-Circle", "Area-and-Perimeter-Circle\Area-and-Perimeter-Circle.csproj", "{74DC4CB9-D336-40B7-B18C-9A51BD398631}"
EndProject
Project("{FAE04EC0-301F-11D3-BF4B-00C04F79EFBC}") = "company-Info", "company-Info\company-Info.csproj", "{B26B26FB-14C9-4D52-B2FC-028B8579BCAB}"
EndProject
Project("{FAE04EC0-301F-11D3-BF4B-00C04F79EFBC}") = "numbers-Between-Int", "numbers-Between-Int\numbers-Between-Int.csproj", "{2693F08F-E8C1-4355-81FB-5E29C785F879}"
EndProject
Project("{FAE04EC0-301F-11D3-BF4B-00C04F79EFBC}") = "greater-Number", "greater-Number\greater-Number.csproj", "{7A329331-109D-4273-B502-4BADD69E31A8}"
EndProject
Project("{FAE04EC0-301F-11D3-BF4B-00C04F79EFBC}") = "quadratic-equation", "quadratic-equation\quadratic-equation.csproj", "{12BFDCDD-DF1F-4C7F-9CD2-2394684C8FE2}"
EndProject
Project("{FAE04EC0-301F-11D3-BF4B-00C04F79EFBC}") = "print-N-Numbers", "print-N-Numbers\print-N-Numbers.csproj", "{F0DDAF08-13BE-4D77-99C2-79A5C80A11A4}"
EndProject
Project("{FAE04EC0-301F-11D3-BF4B-00C04F79EFBC}") = "Fibonacci-Sequence", "Fibonacci-Sequence\Fibonacci-Sequence.csproj", "{DE24A2FF-7281-4760-9DA4-39C9A9507B78}"
EndProject
Project("{FAE04EC0-301F-11D3-BF4B-00C04F79EFBC}") = "calculate-sum-accuracy", "calculate-sum-accuracy\calculate-sum-accuracy.csproj", "{DDD59237-5734-4B47-ACBD-D48EB8567A8F}"
EndProject
Project("{FAE04EC0-301F-11D3-BF4B-00C04F79EFBC}") = "FallingRocks", "FallingRocks\FallingRocks.csproj", "{5FFE4C41-D278-447B-B4C8-9C3D604E296A}"
EndProject
Project("{FAE04EC0-301F-11D3-BF4B-00C04F79EFBC}") = "sum-with-accuracy-0.001", "sum-with-accuracy-0.001\sum-with-accuracy-0.001.csproj", "{6C87D65E-8AB2-4536-9236-B1298261C16E}"
EndProject
Global
	GlobalSection(SolutionConfigurationPlatforms) = preSolution
		Debug|Any CPU = Debug|Any CPU
		Release|Any CPU = Release|Any CPU
	EndGlobalSection
	GlobalSection(ProjectConfigurationPlatforms) = postSolution
		{33A96CDE-2C39-4A84-872A-A369C4F3CBA2}.Debug|Any CPU.ActiveCfg = Debug|Any CPU
		{33A96CDE-2C39-4A84-872A-A369C4F3CBA2}.Debug|Any CPU.Build.0 = Debug|Any CPU
		{33A96CDE-2C39-4A84-872A-A369C4F3CBA2}.Release|Any CPU.ActiveCfg = Release|Any CPU
		{33A96CDE-2C39-4A84-872A-A369C4F3CBA2}.Release|Any CPU.Build.0 = Release|Any CPU
		{74DC4CB9-D336-40B7-B18C-9A51BD398631}.Debug|Any CPU.ActiveCfg = Debug|Any CPU
		{74DC4CB9-D336-40B7-B18C-9A51BD398631}.Debug|Any CPU.Build.0 = Debug|Any CPU
		{74DC4CB9-D336-40B7-B18C-9A51BD398631}.Release|Any CPU.ActiveCfg = Release|Any CPU
		{74DC4CB9-D336-40B7-B18C-9A51BD398631}.Release|Any CPU.Build.0 = Release|Any CPU
		{B26B26FB-14C9-4D52-B2FC-028B8579BCAB}.Debug|Any CPU.ActiveCfg = Debug|Any CPU
		{B26B26FB-14C9-4D52-B2FC-028B8579BCAB}.Debug|Any CPU.Build.0 = Debug|Any CPU
		{B26B26FB-14C9-4D52-B2FC-028B8579BCAB}.Release|Any CPU.ActiveCfg = Release|Any CPU
		{B26B26FB-14C9-4D52-B2FC-028B8579BCAB}.Release|Any CPU.Build.0 = Release|Any CPU
		{2693F08F-E8C1-4355-81FB-5E29C785F879}.Debug|Any CPU.ActiveCfg = Debug|Any CPU
		{2693F08F-E8C1-4355-81FB-5E29C785F879}.Debug|Any CPU.Build.0 = Debug|Any CPU
		{2693F08F-E8C1-4355-81FB-5E29C785F879}.Release|Any CPU.ActiveCfg = Release|Any CPU
		{2693F08F-E8C1-4355-81FB-5E29C785F879}.Release|Any CPU.Build.0 = Release|Any CPU
		{7A329331-109D-4273-B502-4BADD69E31A8}.Debug|Any CPU.ActiveCfg = Debug|Any CPU
		{7A329331-109D-4273-B502-4BADD69E31A8}.Debug|Any CPU.Build.0 = Debug|Any CPU
		{7A329331-109D-4273-B502-4BADD69E31A8}.Release|Any CPU.ActiveCfg = Release|Any CPU
		{7A329331-109D-4273-B502-4BADD69E31A8}.Release|Any CPU.Build.0 = Release|Any CPU
		{12BFDCDD-DF1F-4C7F-9CD2-2394684C8FE2}.Debug|Any CPU.ActiveCfg = Debug|Any CPU
		{12BFDCDD-DF1F-4C7F-9CD2-2394684C8FE2}.Debug|Any CPU.Build.0 = Debug|Any CPU
		{12BFDCDD-DF1F-4C7F-9CD2-2394684C8FE2}.Release|Any CPU.ActiveCfg = Release|Any CPU
		{12BFDCDD-DF1F-4C7F-9CD2-2394684C8FE2}.Release|Any CPU.Build.0 = Release|Any CPU
		{F0DDAF08-13BE-4D77-99C2-79A5C80A11A4}.Debug|Any CPU.ActiveCfg = Debug|Any CPU
		{F0DDAF08-13BE-4D77-99C2-79A5C80A11A4}.Debug|Any CPU.Build.0 = Debug|Any CPU
		{F0DDAF08-13BE-4D77-99C2-79A5C80A11A4}.Release|Any CPU.ActiveCfg = Release|Any CPU
		{F0DDAF08-13BE-4D77-99C2-79A5C80A11A4}.Release|Any CPU.Build.0 = Release|Any CPU
		{DE24A2FF-7281-4760-9DA4-39C9A9507B78}.Debug|Any CPU.ActiveCfg = Debug|Any CPU
		{DE24A2FF-7281-4760-9DA4-39C9A9507B78}.Debug|Any CPU.Build.0 = Debug|Any CPU
		{DE24A2FF-7281-4760-9DA4-39C9A9507B78}.Release|Any CPU.ActiveCfg = Release|Any CPU
		{DE24A2FF-7281-4760-9DA4-39C9A9507B78}.Release|Any CPU.Build.0 = Release|Any CPU
		{DDD59237-5734-4B47-ACBD-D48EB8567A8F}.Debug|Any CPU.ActiveCfg = Debug|Any CPU
		{DDD59237-5734-4B47-ACBD-D48EB8567A8F}.Debug|Any CPU.Build.0 = Debug|Any CPU
		{DDD59237-5734-4B47-ACBD-D48EB8567A8F}.Release|Any CPU.ActiveCfg = Release|Any CPU
		{DDD59237-5734-4B47-ACBD-D48EB8567A8F}.Release|Any CPU.Build.0 = Release|Any CPU
		{5FFE4C41-D278-447B-B4C8-9C3D604E296A}.Debug|Any CPU.ActiveCfg = Debug|Any CPU
		{5FFE4C41-D278-447B-B4C8-9C3D604E296A}.Debug|Any CPU.Build.0 = Debug|Any CPU
		{5FFE4C41-D278-447B-B4C8-9C3D604E296A}.Release|Any CPU.ActiveCfg = Release|Any CPU
		{5FFE4C41-D278-447B-B4C8-9C3D604E296A}.Release|Any CPU.Build.0 = Release|Any CPU
		{6C87D65E-8AB2-4536-9236-B1298261C16E}.Debug|Any CPU.ActiveCfg = Debug|Any CPU
		{6C87D65E-8AB2-4536-9236-B1298261C16E}.Debug|Any CPU.Build.0 = Debug|Any CPU
		{6C87D65E-8AB2-4536-9236-B1298261C16E}.Release|Any CPU.ActiveCfg = Release|Any CPU
		{6C87D65E-8AB2-4536-9236-B1298261C16E}.Release|Any CPU.Build.0 = Release|Any CPU
	EndGlobalSection
	GlobalSection(SolutionProperties) = preSolution
		HideSolutionNode = FALSE
	EndGlobalSection
EndGlobal
