
Microsoft Visual Studio Solution File, Format Version 12.00
# Visual Studio 2012
Project("{FAE04EC0-301F-11D3-BF4B-00C04F79EFBC}") = "1.  Provadia Numbers", "1.  Provadia Numbers\1.  Provadia Numbers.csproj", "{FB726A46-4DD7-4D5F-8C89-D176D197626D}"
EndProject
Project("{FAE04EC0-301F-11D3-BF4B-00C04F79EFBC}") = "02. Dwarfs", "02. Dwarfs\02. Dwarfs.csproj", "{B384DF5D-D3F3-48A6-ACF9-CDB9E48B1A88}"
EndProject
Project("{FAE04EC0-301F-11D3-BF4B-00C04F79EFBC}") = "04. AlignBoth", "04. AlignBoth\04. AlignBoth.csproj", "{067E263B-397D-48D3-BF5D-1CC4D2512B3E}"
EndProject
Global
	GlobalSection(SolutionConfigurationPlatforms) = preSolution
		Debug|Any CPU = Debug|Any CPU
		Release|Any CPU = Release|Any CPU
	EndGlobalSection
	GlobalSection(ProjectConfigurationPlatforms) = postSolution
		{FB726A46-4DD7-4D5F-8C89-D176D197626D}.Debug|Any CPU.ActiveCfg = Debug|Any CPU
		{FB726A46-4DD7-4D5F-8C89-D176D197626D}.Debug|Any CPU.Build.0 = Debug|Any CPU
		{FB726A46-4DD7-4D5F-8C89-D176D197626D}.Release|Any CPU.ActiveCfg = Release|Any CPU
		{FB726A46-4DD7-4D5F-8C89-D176D197626D}.Release|Any CPU.Build.0 = Release|Any CPU
		{B384DF5D-D3F3-48A6-ACF9-CDB9E48B1A88}.Debug|Any CPU.ActiveCfg = Debug|Any CPU
		{B384DF5D-D3F3-48A6-ACF9-CDB9E48B1A88}.Debug|Any CPU.Build.0 = Debug|Any CPU
		{B384DF5D-D3F3-48A6-ACF9-CDB9E48B1A88}.Release|Any CPU.ActiveCfg = Release|Any CPU
		{B384DF5D-D3F3-48A6-ACF9-CDB9E48B1A88}.Release|Any CPU.Build.0 = Release|Any CPU
		{067E263B-397D-48D3-BF5D-1CC4D2512B3E}.Debug|Any CPU.ActiveCfg = Debug|Any CPU
		{067E263B-397D-48D3-BF5D-1CC4D2512B3E}.Debug|Any CPU.Build.0 = Debug|Any CPU
		{067E263B-397D-48D3-BF5D-1CC4D2512B3E}.Release|Any CPU.ActiveCfg = Release|Any CPU
		{067E263B-397D-48D3-BF5D-1CC4D2512B3E}.Release|Any CPU.Build.0 = Release|Any CPU
	EndGlobalSection
	GlobalSection(SolutionProperties) = preSolution
		HideSolutionNode = FALSE
	EndGlobalSection
EndGlobal
