
Microsoft Visual Studio Solution File, Format Version 12.00
# Visual Studio 2012
Project("{FAE04EC0-301F-11D3-BF4B-00C04F79EFBC}") = "01. MobilePhoneDevice", "01. MobilePhoneDevice\01. MobilePhoneDevice.csproj", "{0507B048-CB9D-465B-9622-962CCFFA7C6D}"
EndProject
Project("{FAE04EC0-301F-11D3-BF4B-00C04F79EFBC}") = "02. GSMCallHistoryTest", "02. GSMCallHistoryTest\02. GSMCallHistoryTest.csproj", "{2248FAB7-E993-4CE3-8F1A-768A17E5C1D1}"
EndProject
Global
	GlobalSection(SolutionConfigurationPlatforms) = preSolution
		Debug|Any CPU = Debug|Any CPU
		Release|Any CPU = Release|Any CPU
	EndGlobalSection
	GlobalSection(ProjectConfigurationPlatforms) = postSolution
		{0507B048-CB9D-465B-9622-962CCFFA7C6D}.Debug|Any CPU.ActiveCfg = Debug|Any CPU
		{0507B048-CB9D-465B-9622-962CCFFA7C6D}.Debug|Any CPU.Build.0 = Debug|Any CPU
		{0507B048-CB9D-465B-9622-962CCFFA7C6D}.Release|Any CPU.ActiveCfg = Release|Any CPU
		{0507B048-CB9D-465B-9622-962CCFFA7C6D}.Release|Any CPU.Build.0 = Release|Any CPU
		{2248FAB7-E993-4CE3-8F1A-768A17E5C1D1}.Debug|Any CPU.ActiveCfg = Debug|Any CPU
		{2248FAB7-E993-4CE3-8F1A-768A17E5C1D1}.Debug|Any CPU.Build.0 = Debug|Any CPU
		{2248FAB7-E993-4CE3-8F1A-768A17E5C1D1}.Release|Any CPU.ActiveCfg = Release|Any CPU
		{2248FAB7-E993-4CE3-8F1A-768A17E5C1D1}.Release|Any CPU.Build.0 = Release|Any CPU
	EndGlobalSection
	GlobalSection(SolutionProperties) = preSolution
		HideSolutionNode = FALSE
	EndGlobalSection
EndGlobal
