
Microsoft Visual Studio Solution File, Format Version 12.00
# Visual Studio 2012
Project("{FAE04EC0-301F-11D3-BF4B-00C04F79EFBC}") = "01. IsLeapYear", "01. IsLeapYear\01. IsLeapYear.csproj", "{47FD2A42-BDD8-4EBD-8D88-A02EC852ED8B}"
EndProject
Project("{FAE04EC0-301F-11D3-BF4B-00C04F79EFBC}") = "02. RandomValues", "02. RandomValues\02. RandomValues.csproj", "{B2354B18-C274-4789-8A58-A440C0DE200D}"
EndProject
Project("{FAE04EC0-301F-11D3-BF4B-00C04F79EFBC}") = "03. WhichDayOfTheWeek", "03. WhichDayOfTheWeek\03. WhichDayOfTheWeek.csproj", "{4B95B827-6486-408B-B7B4-59A9C666098F}"
EndProject
Project("{FAE04EC0-301F-11D3-BF4B-00C04F79EFBC}") = "04. SurfaceOfTriangle", "04. SurfaceOfTriangle\04. SurfaceOfTriangle.csproj", "{17F90C10-4B3D-472D-9E34-78015818A74E}"
EndProject
Project("{FAE04EC0-301F-11D3-BF4B-00C04F79EFBC}") = "05. WorkDays", "05. WorkDays\05. WorkDays.csproj", "{031E24F9-AA63-4869-B72D-A5E8AB9CD5C1}"
EndProject
Project("{FAE04EC0-301F-11D3-BF4B-00C04F79EFBC}") = "06. SumFromString", "06. SumFromString\06. SumFromString.csproj", "{8FC1DE37-35AE-435F-99A3-6121CDA6E3EB}"
EndProject
Global
	GlobalSection(SolutionConfigurationPlatforms) = preSolution
		Debug|Any CPU = Debug|Any CPU
		Release|Any CPU = Release|Any CPU
	EndGlobalSection
	GlobalSection(ProjectConfigurationPlatforms) = postSolution
		{47FD2A42-BDD8-4EBD-8D88-A02EC852ED8B}.Debug|Any CPU.ActiveCfg = Debug|Any CPU
		{47FD2A42-BDD8-4EBD-8D88-A02EC852ED8B}.Debug|Any CPU.Build.0 = Debug|Any CPU
		{47FD2A42-BDD8-4EBD-8D88-A02EC852ED8B}.Release|Any CPU.ActiveCfg = Release|Any CPU
		{47FD2A42-BDD8-4EBD-8D88-A02EC852ED8B}.Release|Any CPU.Build.0 = Release|Any CPU
		{B2354B18-C274-4789-8A58-A440C0DE200D}.Debug|Any CPU.ActiveCfg = Debug|Any CPU
		{B2354B18-C274-4789-8A58-A440C0DE200D}.Debug|Any CPU.Build.0 = Debug|Any CPU
		{B2354B18-C274-4789-8A58-A440C0DE200D}.Release|Any CPU.ActiveCfg = Release|Any CPU
		{B2354B18-C274-4789-8A58-A440C0DE200D}.Release|Any CPU.Build.0 = Release|Any CPU
		{4B95B827-6486-408B-B7B4-59A9C666098F}.Debug|Any CPU.ActiveCfg = Debug|Any CPU
		{4B95B827-6486-408B-B7B4-59A9C666098F}.Debug|Any CPU.Build.0 = Debug|Any CPU
		{4B95B827-6486-408B-B7B4-59A9C666098F}.Release|Any CPU.ActiveCfg = Release|Any CPU
		{4B95B827-6486-408B-B7B4-59A9C666098F}.Release|Any CPU.Build.0 = Release|Any CPU
		{17F90C10-4B3D-472D-9E34-78015818A74E}.Debug|Any CPU.ActiveCfg = Debug|Any CPU
		{17F90C10-4B3D-472D-9E34-78015818A74E}.Debug|Any CPU.Build.0 = Debug|Any CPU
		{17F90C10-4B3D-472D-9E34-78015818A74E}.Release|Any CPU.ActiveCfg = Release|Any CPU
		{17F90C10-4B3D-472D-9E34-78015818A74E}.Release|Any CPU.Build.0 = Release|Any CPU
		{031E24F9-AA63-4869-B72D-A5E8AB9CD5C1}.Debug|Any CPU.ActiveCfg = Debug|Any CPU
		{031E24F9-AA63-4869-B72D-A5E8AB9CD5C1}.Debug|Any CPU.Build.0 = Debug|Any CPU
		{031E24F9-AA63-4869-B72D-A5E8AB9CD5C1}.Release|Any CPU.ActiveCfg = Release|Any CPU
		{031E24F9-AA63-4869-B72D-A5E8AB9CD5C1}.Release|Any CPU.Build.0 = Release|Any CPU
		{8FC1DE37-35AE-435F-99A3-6121CDA6E3EB}.Debug|Any CPU.ActiveCfg = Debug|Any CPU
		{8FC1DE37-35AE-435F-99A3-6121CDA6E3EB}.Debug|Any CPU.Build.0 = Debug|Any CPU
		{8FC1DE37-35AE-435F-99A3-6121CDA6E3EB}.Release|Any CPU.ActiveCfg = Release|Any CPU
		{8FC1DE37-35AE-435F-99A3-6121CDA6E3EB}.Release|Any CPU.Build.0 = Release|Any CPU
	EndGlobalSection
	GlobalSection(SolutionProperties) = preSolution
		HideSolutionNode = FALSE
	EndGlobalSection
EndGlobal
